
Microsoft Visual Studio Solution File, Format Version 12.00
Project("{FAE04EC0-301F-11D3-BF4B-00C04F79EFBC}") = "JiraWorkLogger", "JiraWorkLogger\JiraWorkLogger.csproj", "{51CC51ED-859B-4102-A7EE-F562EA42903F}"
EndProject
Global
	GlobalSection(SolutionConfigurationPlatforms) = preSolution
		Debug|Any CPU = Debug|Any CPU
		Release|Any CPU = Release|Any CPU
	EndGlobalSection
	GlobalSection(ProjectConfigurationPlatforms) = postSolution
		{51CC51ED-859B-4102-A7EE-F562EA42903F}.Debug|Any CPU.ActiveCfg = Debug|Any CPU
		{51CC51ED-859B-4102-A7EE-F562EA42903F}.Debug|Any CPU.Build.0 = Debug|Any CPU
		{51CC51ED-859B-4102-A7EE-F562EA42903F}.Release|Any CPU.ActiveCfg = Release|Any CPU
		{51CC51ED-859B-4102-A7EE-F562EA42903F}.Release|Any CPU.Build.0 = Release|Any CPU
	EndGlobalSection
EndGlobal
